{
  "name": "defector-bots",
  "lockfileVersion": 3,
  "requires": true,
  "packages": {
    "": {
      "dependencies": {
        "devalue": "^5.9.2"
      }
    },
    "node_modules/devalue": {
      "version": "5.9.2",
      "resolved": "https://registry.npmjs.org/devalue/-/devalue-5.9.2.tgz",
      "integrity": "sha512-po4PAY5c53tw5XMocSnf8A/5OHhbbUftpr93aEN6BBoAdntUmK7vu7wOATqvt7cXO7m1Cl4gMVn6p7n6n4mj0w==",
      "license": "MIT"
    }
  }
}
